# This lock file was generated by conda-lock (https://github.com/conda/conda-lock). DO NOT EDIT!
#
# A "lock file" contains a concrete list of package versions (with checksums) to be installed. Unlike
# e.g. `conda env create`, the resulting environment will not change as new package versions become
# available, unless you explicitly update the lock file.
#
# Install this environment as "YOURENV" with:
#     conda-lock install -n YOURENV conda-lock.yml
# To update a single package to the latest version compatible with the version constraints in the source:
#     conda-lock lock  --lockfile conda-lock.yml --update PACKAGE
# To re-solve the entire environment, e.g. after changing a version constraint in the source file:
#     conda-lock -f environment.yaml --lockfile conda-lock.yml
version: 1
metadata:
  content_hash:
    linux-64: f5dcaac6acfdd44c13aea329badbba948711c5bc5d116b0e40a1303ff6ff3a5e
  channels:
  - url: conda-forge
    used_env_vars: []
  - url: bioconda
    used_env_vars: []
  platforms:
  - linux-64
  sources:
  - environment.yaml
package:
- name: _openmp_mutex
  version: '4.5'
  manager: conda
  platform: linux-64
  dependencies:
    __glibc: '>=2.17,<3.0.a0'
    libgomp: '>=7.5.0'
  url: https://conda.anaconda.org/conda-forge/linux-64/_openmp_mutex-4.5-20_gnu.conda
  hash:
    md5: a9f577daf3de00bca7c3c76c0ecbd1de
    sha256: 1dd3fffd892081df9726d7eb7e0dea6198962ba775bd88842135a4ddb4deb3c9
  category: main
  optional: false
- name: alsa-lib
  version: 1.2.11
  manager: conda
  platform: linux-64
  dependencies:
    libgcc-ng: '>=12'
  url: https://conda.anaconda.org/conda-forge/linux-64/alsa-lib-1.2.11-hd590300_1.conda
  hash:
    md5: 0bb492cca54017ea314b809b1ee3a176
    sha256: 0e2b75b9834a6e520b13db516f7cf5c9cea8f0bbc9157c978444173dacb98fec
  category: main
  optional: false
- name: bwa
  version: 0.7.17
  manager: conda
  platform: linux-64
  dependencies:
    libgcc-ng: '>=12'
    libzlib: '>=1.2.13,<1.3.0a0'
    perl: ''
    zlib: ''
  url: https://conda.anaconda.org/bioconda/linux-64/bwa-0.7.17-he4a0461_11.tar.bz2
  hash:
    md5: 23832bbbdfb4a2c05e2df120068b1c78
    sha256: 4acaa2b1b0edd051e0bc8d36f634487a679d9891d559951d31f98f36e637fcd4
  category: main
  optional: false
- name: bzip2
  version: 1.0.8
  manager: conda
  platform: linux-64
  dependencies:
    __glibc: '>=2.17,<3.0.a0'
    libgcc: '>=14'
  url: https://conda.anaconda.org/conda-forge/linux-64/bzip2-1.0.8-hda65f42_9.conda
  hash:
    md5: d2ffd7602c02f2b316fd921d39876885
    sha256: 0b75d45f0bba3e95dc693336fa51f40ea28c980131fec438afb7ce6118ed05f6
  category: main
  optional: false
- name: c-ares
  version: 1.34.6
  manager: conda
  platform: linux-64
  dependencies:
    __glibc: '>=2.17,<3.0.a0'
    libgcc: '>=14'
  url: https://conda.anaconda.org/conda-forge/linux-64/c-ares-1.34.6-hb03c661_0.conda
  hash:
    md5: 920bb03579f15389b9e512095ad995b7
    sha256: cc9accf72fa028d31c2a038460787751127317dcfa991f8d1f1babf216bb454e
  category: main
  optional: false
- name: ca-certificates
  version: 2026.2.25
  manager: conda
  platform: linux-64
  dependencies:
    __unix: ''
  url: https://conda.anaconda.org/conda-forge/noarch/ca-certificates-2026.2.25-hbd8a1cb_0.conda
  hash:
    md5: 4492fd26db29495f0ba23f146cd5638d
    sha256: 67cc7101b36421c5913a1687ef1b99f85b5d6868da3abbf6ec1a4181e79782fc
  category: main
  optional: false
- name: cairo
  version: 1.18.0
  manager: conda
  platform: linux-64
  dependencies:
    fontconfig: '>=2.14.2,<3.0a0'
    fonts-conda-ecosystem: ''
    freetype: '>=2.12.1,<3.0a0'
    icu: '>=73.2,<74.0a0'
    libgcc-ng: '>=12'
    libglib: '>=2.78.0,<3.0a0'
    libpng: '>=1.6.39,<1.7.0a0'
    libstdcxx-ng: '>=12'
    libxcb: '>=1.15,<1.16.0a0'
    libzlib: '>=1.2.13,<2.0.0a0'
    pixman: '>=0.42.2,<1.0a0'
    xorg-libice: '>=1.1.1,<2.0a0'
    xorg-libsm: '>=1.2.4,<2.0a0'
    xorg-libx11: '>=1.8.6,<2.0a0'
    xorg-libxext: '>=1.3.4,<2.0a0'
    xorg-libxrender: '>=0.9.11,<0.10.0a0'
    zlib: ''
  url: https://conda.anaconda.org/conda-forge/linux-64/cairo-1.18.0-h3faef2a_0.conda
  hash:
    md5: f907bb958910dc404647326ca80c263e
    sha256: 142e2639a5bc0e99c44d76f4cc8dce9c6a2d87330c4beeabb128832cd871a86e
  category: main
  optional: false
- name: cffi
  version: 2.0.0
  manager: conda
  platform: linux-64
  dependencies:
    __glibc: '>=2.17,<3.0.a0'
    libffi: '>=3.5.2,<3.6.0a0'
    libgcc: '>=14'
    pycparser: ''
    python: '>=3.10,<3.11.0a0'
    python_abi: 3.10.*
  url: https://conda.anaconda.org/conda-forge/linux-64/cffi-2.0.0-py310he7384ee_1.conda
  hash:
    md5: 803e2d778b8dcccdc014127ec5001681
    sha256: bf76ead6d59b70f3e901476a73880ac92011be63b151972d135eec55bbbe6091
  category: main
  optional: false
- name: cutadapt
  version: '4.6'
  manager: conda
  platform: linux-64
  dependencies:
    dnaio: '>=1.2.0'
    libgcc-ng: '>=12'
    python: '>=3.10,<3.11.0a0'
    python_abi: 3.10.*
    xopen: '>=1.6.0'
  url: https://conda.anaconda.org/bioconda/linux-64/cutadapt-4.6-py310h4b81fae_1.tar.bz2
  hash:
    md5: ebea96afcdc226a12db0a096a0a98702
    sha256: 087954bdf55de8227ad0321ab662528b898ac89d38fee3d5663a55d17aca219d
  category: main
  optional: false
- name: dnaio
  version: 1.2.2
  manager: conda
  platform: linux-64
  dependencies:
    libgcc: '>=12'
    python: '>=3.10,<3.11.0a0'
    python_abi: 3.10.*
    xopen: '>=1.4.0'
  url: https://conda.anaconda.org/bioconda/linux-64/dnaio-1.2.2-py310h7c593f9_0.tar.bz2
  hash:
    md5: 4ab419ad1fdd1e85acbe799fc4f17018
    sha256: e3598cd9d8c3db6e1abdecb7a939c2e701720738168ae31378281d94a6309197
  category: main
  optional: false
- name: expat
  version: 2.7.5
  manager: conda
  platform: linux-64
  dependencies:
    __glibc: '>=2.17,<3.0.a0'
    libexpat: 2.7.5
    libgcc: '>=14'
  url: https://conda.anaconda.org/conda-forge/linux-64/expat-2.7.5-hecca717_0.conda
  hash:
    md5: 7de50d165039df32d38be74c1b34a910
    sha256: 210155553489739765f31001f84eba91e58d9c692b032eed33f1a20340c78acb
  category: main
  optional: false
- name: fastqc
  version: 0.11.9
  manager: conda
  platform: linux-64
  dependencies:
    font-ttf-dejavu-sans-mono: ''
    fontconfig: ''
    openjdk: '>=8.0.144'
    perl: ''
  url: https://conda.anaconda.org/bioconda/noarch/fastqc-0.11.9-hdfd78af_1.tar.bz2
  hash:
    md5: abd0a12b10022d480c5c508e9170b1ed
    sha256: 495778f51b818d22da2d59711d0049b521b66d41500d3464c905105035e2dc4f
  category: main
  optional: false
- name: font-ttf-dejavu-sans-mono
  version: '2.37'
  manager: conda
  platform: linux-64
  dependencies: {}
  url: https://conda.anaconda.org/conda-forge/noarch/font-ttf-dejavu-sans-mono-2.37-hab24e00_0.tar.bz2
  hash:
    md5: 0c96522c6bdaed4b1566d11387caaf45
    sha256: 58d7f40d2940dd0a8aa28651239adbf5613254df0f75789919c4e6762054403b
  category: main
  optional: false
- name: font-ttf-inconsolata
  version: '3.000'
  manager: conda
  platform: linux-64
  dependencies: {}
  url: https://conda.anaconda.org/conda-forge/noarch/font-ttf-inconsolata-3.000-h77eed37_0.tar.bz2
  hash:
    md5: 34893075a5c9e55cdafac56607368fc6
    sha256: c52a29fdac682c20d252facc50f01e7c2e7ceac52aa9817aaf0bb83f7559ec5c
  category: main
  optional: false
- name: font-ttf-source-code-pro
  version: '2.038'
  manager: conda
  platform: linux-64
  dependencies: {}
  url: https://conda.anaconda.org/conda-forge/noarch/font-ttf-source-code-pro-2.038-h77eed37_0.tar.bz2
  hash:
    md5: 4d59c254e01d9cde7957100457e2d5fb
    sha256: 00925c8c055a2275614b4d983e1df637245e19058d79fc7dd1a93b8d9fb4b139
  category: main
  optional: false
- name: font-ttf-ubuntu
  version: '0.83'
  manager: conda
  platform: linux-64
  dependencies: {}
  url: https://conda.anaconda.org/conda-forge/noarch/font-ttf-ubuntu-0.83-h77eed37_3.conda
  hash:
    md5: 49023d73832ef61042f6a237cb2687e7
    sha256: 2821ec1dc454bd8b9a31d0ed22a7ce22422c0aef163c59f49dfdf915d0f0ca14
  category: main
  optional: false
- name: fontconfig
  version: 2.14.2
  manager: conda
  platform: linux-64
  dependencies:
    expat: '>=2.5.0,<3.0a0'
    freetype: '>=2.12.1,<3.0a0'
    libgcc-ng: '>=12'
    libuuid: '>=2.32.1,<3.0a0'
    libzlib: '>=1.2.13,<2.0.0a0'
  url: https://conda.anaconda.org/conda-forge/linux-64/fontconfig-2.14.2-h14ed4e7_0.conda
  hash:
    md5: 0f69b688f52ff6da70bccb7ff7001d1d
    sha256: 155d534c9037347ea7439a2c6da7c24ffec8e5dd278889b4c57274a1d91e0a83
  category: main
  optional: false
- name: fonts-conda-ecosystem
  version: '1'
  manager: conda
  platform: linux-64
  dependencies:
    fonts-conda-forge: ''
  url: https://conda.anaconda.org/conda-forge/noarch/fonts-conda-ecosystem-1-0.tar.bz2
  hash:
    md5: fee5683a3f04bd15cbd8318b096a27ab
    sha256: a997f2f1921bb9c9d76e6fa2f6b408b7fa549edd349a77639c9fe7a23ea93e61
  category: main
  optional: false
- name: fonts-conda-forge
  version: '1'
  manager: conda
  platform: linux-64
  dependencies:
    font-ttf-dejavu-sans-mono: ''
    font-ttf-inconsolata: ''
    font-ttf-source-code-pro: ''
    font-ttf-ubuntu: ''
  url: https://conda.anaconda.org/conda-forge/noarch/fonts-conda-forge-1-hc364b38_1.conda
  hash:
    md5: a7970cd949a077b7cb9696379d338681
    sha256: 54eea8469786bc2291cc40bca5f46438d3e062a399e8f53f013b6a9f50e98333
  category: main
  optional: false
- name: freetype
  version: 2.12.1
  manager: conda
  platform: linux-64
  dependencies:
    libgcc-ng: '>=12'
    libpng: '>=1.6.39,<1.7.0a0'
    libzlib: '>=1.2.13,<2.0.0a0'
  url: https://conda.anaconda.org/conda-forge/linux-64/freetype-2.12.1-h267a509_2.conda
  hash:
    md5: 9ae35c3d96db2c94ce0cef86efdfa2cb
    sha256: b2e3c449ec9d907dd4656cb0dc93e140f447175b125a3824b31368b06c666bb6
  category: main
  optional: false
- name: gatk4
  version: 4.5.0.0
  manager: conda
  platform: linux-64
  dependencies:
    openjdk: '>=17,<18'
    python: ''
  url: https://conda.anaconda.org/bioconda/noarch/gatk4-4.5.0.0-py36hdfd78af_0.tar.bz2
  hash:
    md5: 6ad8bfb1bbb02a73545039be0b9d3177
    sha256: 1e048d00b5f965b876393b2c4c35e3a851d3377274f759a7917e1d83a0f13c5e
  category: main
  optional: false
- name: giflib
  version: 5.2.2
  manager: conda
  platform: linux-64
  dependencies:
    libgcc-ng: '>=12'
  url: https://conda.anaconda.org/conda-forge/linux-64/giflib-5.2.2-hd590300_0.conda
  hash:
    md5: 3bf7b9fd5a7136126e0234db4b87c8b6
    sha256: aac402a8298f0c0cc528664249170372ef6b37ac39fdc92b40601a6aed1e32ff
  category: main
  optional: false
- name: graphite2
  version: 1.3.14
  manager: conda
  platform: linux-64
  dependencies:
    __glibc: '>=2.17,<3.0.a0'
    libgcc: '>=14'
    libstdcxx: '>=14'
  url: https://conda.anaconda.org/conda-forge/linux-64/graphite2-1.3.14-hecca717_2.conda
  hash:
    md5: 2cd94587f3a401ae05e03a6caf09539d
    sha256: 25ba37da5c39697a77fce2c9a15e48cf0a84f1464ad2aafbe53d8357a9f6cc8c
  category: main
  optional: false
- name: harfbuzz
  version: 9.0.0
  manager: conda
  platform: linux-64
  dependencies:
    cairo: '>=1.18.0,<2.0a0'
    freetype: '>=2.12.1,<3.0a0'
    graphite2: ''
    icu: '>=73.2,<74.0a0'
    libgcc-ng: '>=12'
    libglib: '>=2.80.2,<3.0a0'
    libstdcxx-ng: '>=12'
  url: https://conda.anaconda.org/conda-forge/linux-64/harfbuzz-9.0.0-hfac3d4d_0.conda
  hash:
    md5: c7b47c64af53e8ecee01d101eeab2342
    sha256: 5854e5ac2d3399ef30b59f15045c19fa5f0bab94d116bd75cac4d05181543dc3
  category: main
  optional: false
- name: htslib
  version: '1.21'
  manager: conda
  platform: linux-64
  dependencies:
    bzip2: '>=1.0.8,<2.0a0'
    libcurl: '>=8.8.0,<9.0a0'
    libdeflate: '>=1.20,<1.26.0a0'
    libgcc: '>=12'
    libzlib: '>=1.2.13,<2.0a0'
    openssl: '>=3.3.2,<4.0a0'
    xz: '>=5.2.6,<6.0a0'
  url: https://conda.anaconda.org/bioconda/linux-64/htslib-1.21-h5efdd21_0.tar.bz2
  hash:
    md5: 06b995dc2244c024b45bbb3e53ae2f27
    sha256: ef5a53fae052a14cbccc50dc2290c80791db3d8a8c5a01435c7aa12f8a53740c
  category: main
  optional: false
- name: icu
  version: '73.2'
  manager: conda
  platform: linux-64
  dependencies:
    libgcc-ng: '>=12'
    libstdcxx-ng: '>=12'
  url: https://conda.anaconda.org/conda-forge/linux-64/icu-73.2-h59595ed_0.conda
  hash:
    md5: cc47e1facc155f91abd89b11e48e72ff
    sha256: e12fd90ef6601da2875ebc432452590bc82a893041473bc1c13ef29001a73ea8
  category: main
  optional: false
- name: isa-l
  version: 2.31.1
  manager: conda
  platform: linux-64
  dependencies:
    __glibc: '>=2.17,<3.0.a0'
    libgcc: '>=13'
  url: https://conda.anaconda.org/conda-forge/linux-64/isa-l-2.31.1-hb9d3cd8_1.conda
  hash:
    md5: 00f364ec0a7e975ec9d2fc720b19c129
    sha256: 75b15f01a6b286630c4a98be0d05e286275a5ef3868e23e6d9644e51b73650e1
  category: main
  optional: false
- name: keyutils
  version: 1.6.3
  manager: conda
  platform: linux-64
  dependencies:
    __glibc: '>=2.17,<3.0.a0'
    libgcc: '>=13'
  url: https://conda.anaconda.org/conda-forge/linux-64/keyutils-1.6.3-hb9d3cd8_0.conda
  hash:
    md5: b38117a3c920364aff79f870c984b4a3
    sha256: 0960d06048a7185d3542d850986d807c6e37ca2e644342dd0c72feefcf26c2a4
  category: main
  optional: false
- name: krb5
  version: 1.21.3
  manager: conda
  platform: linux-64
  dependencies:
    keyutils: '>=1.6.1,<2.0a0'
    libedit: '>=3.1.20191231,<4.0a0'
    libgcc-ng: '>=12'
    libstdcxx-ng: '>=12'
    openssl: '>=3.3.1,<4.0a0'
  url: https://conda.anaconda.org/conda-forge/linux-64/krb5-1.21.3-h659f571_0.conda
  hash:
    md5: 3f43953b7d3fb3aaa1d0d0723d91e368
    sha256: 99df692f7a8a5c27cd14b5fb1374ee55e756631b9c3d659ed3ee60830249b238
  category: main
  optional: false
- name: lcms2
  version: '2.16'
  manager: conda
  platform: linux-64
  dependencies:
    libgcc-ng: '>=12'
    libjpeg-turbo: '>=3.0.0,<4.0a0'
    libtiff: '>=4.6.0,<4.8.0a0'
  url: https://conda.anaconda.org/conda-forge/linux-64/lcms2-2.16-hb7c19ff_0.conda
  hash:
    md5: 51bb7010fc86f70eee639b4bb7a894f5
    sha256: 5c878d104b461b7ef922abe6320711c0d01772f4cd55de18b674f88547870041
  category: main
  optional: false
- name: ld_impl_linux-64
  version: 2.45.1
  manager: conda
  platform: linux-64
  dependencies:
    __glibc: '>=2.17,<3.0.a0'
  url: https://conda.anaconda.org/conda-forge/linux-64/ld_impl_linux-64-2.45.1-bootstrap_ha15bf96_2.conda
  hash:
    md5: bafc61899c34054d1f5e7cd85a2f81e9
    sha256: ffc8fb61b32f421687a35b1b6bdd7e73278da0ea1a0d616b624eb3760ed21742
  category: main
  optional: false
- name: lerc
  version: 4.1.0
  manager: conda
  platform: linux-64
  dependencies:
    __glibc: '>=2.17,<3.0.a0'
    libgcc: '>=14'
    libstdcxx: '>=14'
  url: https://conda.anaconda.org/conda-forge/linux-64/lerc-4.1.0-hdb68285_0.conda
  hash:
    md5: a752488c68f2e7c456bcbd8f16eec275
    sha256: f84cb54782f7e9cea95e810ea8fef186e0652d0fa73d3009914fa2c1262594e1
  category: main
  optional: false
- name: libcups
  version: 2.3.3
  manager: conda
  platform: linux-64
  dependencies:
    krb5: '>=1.21.1,<1.22.0a0'
    libgcc-ng: '>=12'
    libstdcxx-ng: '>=12'
    libzlib: '>=1.2.13,<2.0.0a0'
  url: https://conda.anaconda.org/conda-forge/linux-64/libcups-2.3.3-h4637d8d_4.conda
  hash:
    md5: d4529f4dff3057982a7617c7ac58fde3
    sha256: bc67b9b21078c99c6bd8595fe7e1ed6da1f721007726e717f0449de7032798c4
  category: main
  optional: false
- name: libcurl
  version: 8.8.0
  manager: conda
  platform: linux-64
  dependencies:
    krb5: '>=1.21.3,<1.22.0a0'
    libgcc-ng: '>=12'
    libnghttp2: '>=1.58.0,<2.0a0'
    libssh2: '>=1.11.0,<2.0a0'
    libzlib: '>=1.2.13,<2.0a0'
    openssl: '>=3.3.1,<4.0a0'
    zstd: '>=1.5.6,<1.6.0a0'
  url: https://conda.anaconda.org/conda-forge/linux-64/libcurl-8.8.0-hca28451_1.conda
  hash:
    md5: b8afb3e3cb3423cc445cf611ab95fdb0
    sha256: 6b5b64cdcdb643368ebe236de07eedee99b025bb95129bbe317c46e5bdc693f3
  category: main
  optional: false
- name: libdeflate
  version: '1.20'
  manager: conda
  platform: linux-64
  dependencies:
    libgcc-ng: '>=12'
  url: https://conda.anaconda.org/conda-forge/linux-64/libdeflate-1.20-hd590300_0.conda
  hash:
    md5: 8e88f9389f1165d7c0936fe40d9a9a79
    sha256: f8e0f25c382b1d0b87a9b03887a34dbd91485453f1ea991fef726dba57373612
  category: main
  optional: false
- name: libedit
  version: 3.1.20250104
  manager: conda
  platform: linux-64
  dependencies:
    __glibc: '>=2.17,<3.0.a0'
    libgcc: '>=13'
    ncurses: '>=6.5,<7.0a0'
  url: https://conda.anaconda.org/conda-forge/linux-64/libedit-3.1.20250104-pl5321h7949ede_0.conda
  hash:
    md5: c277e0a4d549b03ac1e9d6cbbe3d017b
    sha256: d789471216e7aba3c184cd054ed61ce3f6dac6f87a50ec69291b9297f8c18724
  category: main
  optional: false
- name: libev
  version: '4.33'
  manager: conda
  platform: linux-64
  dependencies:
    libgcc-ng: '>=12'
  url: https://conda.anaconda.org/conda-forge/linux-64/libev-4.33-hd590300_2.conda
  hash:
    md5: 172bf1cd1ff8629f2b1179945ed45055
    sha256: 1cd6048169fa0395af74ed5d8f1716e22c19a81a8a36f934c110ca3ad4dd27b4
  category: main
  optional: false
- name: libexpat
  version: 2.7.5
  manager: conda
  platform: linux-64
  dependencies:
    __glibc: '>=2.17,<3.0.a0'
    libgcc: '>=14'
  url: https://conda.anaconda.org/conda-forge/linux-64/libexpat-2.7.5-hecca717_0.conda
  hash:
    md5: 49f570f3bc4c874a06ea69b7225753af
    sha256: e8c2b57f6aacabdf2f1b0924bd4831ce5071ba080baa4a9e8c0d720588b6794c
  category: main
  optional: false
- name: libffi
  version: 3.5.2
  manager: conda
  platform: linux-64
  dependencies:
    __glibc: '>=2.17,<3.0.a0'
    libgcc: '>=14'
  url: https://conda.anaconda.org/conda-forge/linux-64/libffi-3.5.2-h3435931_0.conda
  hash:
    md5: a360c33a5abe61c07959e449fa1453eb
    sha256: 31f19b6a88ce40ebc0d5a992c131f57d919f73c0b92cd1617a5bec83f6e961e6
  category: main
  optional: false
- name: libgcc
  version: 15.2.0
  manager: conda
  platform: linux-64
  dependencies:
    __glibc: '>=2.17,<3.0.a0'
    _openmp_mutex: '>=4.5'
  url: https://conda.anaconda.org/conda-forge/linux-64/libgcc-15.2.0-he0feb66_18.conda
  hash:
    md5: 0aa00f03f9e39fb9876085dee11a85d4
    sha256: faf7d2017b4d718951e3a59d081eb09759152f93038479b768e3d612688f83f5
  category: main
  optional: false
- name: libgcc-ng
  version: 15.2.0
  manager: conda
  platform: linux-64
  dependencies:
    libgcc: 15.2.0
  url: https://conda.anaconda.org/conda-forge/linux-64/libgcc-ng-15.2.0-h69a702a_18.conda
  hash:
    md5: d5e96b1ed75ca01906b3d2469b4ce493
    sha256: e318a711400f536c81123e753d4c797a821021fb38970cebfb3f454126016893
  category: main
  optional: false
- name: libglib
  version: 2.80.2
  manager: conda
  platform: linux-64
  dependencies:
    libffi: '>=3.4,<4.0a0'
    libgcc-ng: '>=12'
    libiconv: '>=1.17,<2.0a0'
    libzlib: '>=1.2.13,<2.0.0a0'
    pcre2: '>=10.43,<10.44.0a0'
  url: https://conda.anaconda.org/conda-forge/linux-64/libglib-2.80.2-hf974151_0.conda
  hash:
    md5: 72724f6a78ecb15559396966226d5838
    sha256: 93e03b6cf4765bc06d64fa3dac65f22c53ae4a30247bb0e2dea0bd9c47a3fb26
  category: main
  optional: false
- name: libgomp
  version: 15.2.0
  manager: conda
  platform: linux-64
  dependencies:
    __glibc: '>=2.17,<3.0.a0'
  url: https://conda.anaconda.org/conda-forge/linux-64/libgomp-15.2.0-he0feb66_18.conda
  hash:
    md5: 239c5e9546c38a1e884d69effcf4c882
    sha256: 21337ab58e5e0649d869ab168d4e609b033509de22521de1bfed0c031bfc5110
  category: main
  optional: false
- name: libiconv
  version: '1.18'
  manager: conda
  platform: linux-64
  dependencies:
    __glibc: '>=2.17,<3.0.a0'
    libgcc: '>=14'
  url: https://conda.anaconda.org/conda-forge/linux-64/libiconv-1.18-h3b78370_2.conda
  hash:
    md5: 915f5995e94f60e9a4826e0b0920ee88
    sha256: c467851a7312765447155e071752d7bf9bf44d610a5687e32706f480aad2833f
  category: main
  optional: false
- name: libjpeg-turbo
  version: 3.1.2
  manager: conda
  platform: linux-64
  dependencies:
    __glibc: '>=2.17,<3.0.a0'
    libgcc: '>=14'
  url: https://conda.anaconda.org/conda-forge/linux-64/libjpeg-turbo-3.1.2-hb03c661_0.conda
  hash:
    md5: 8397539e3a0bbd1695584fb4f927485a
    sha256: cc9aba923eea0af8e30e0f94f2ad7156e2984d80d1e8e7fe6be5a1f257f0eb32
  category: main
  optional: false
- name: liblzma
  version: 5.8.2
  manager: conda
  platform: linux-64
  dependencies:
    __glibc: '>=2.17,<3.0.a0'
    libgcc: '>=14'
  url: https://conda.anaconda.org/conda-forge/linux-64/liblzma-5.8.2-hb03c661_0.conda
  hash:
    md5: c7c83eecbb72d88b940c249af56c8b17
    sha256: 755c55ebab181d678c12e49cced893598f2bab22d582fbbf4d8b83c18be207eb
  category: main
  optional: false
- name: liblzma-devel
  version: 5.8.2
  manager: conda
  platform: linux-64
  dependencies:
    __glibc: '>=2.17,<3.0.a0'
    libgcc: '>=14'
    liblzma: 5.8.2
  url: https://conda.anaconda.org/conda-forge/linux-64/liblzma-devel-5.8.2-hb03c661_0.conda
  hash:
    md5: de60549ba9d8921dff3afa4b179e2a4b
    sha256: dd246f80c9c1c27b87e586c33cf36db9340fb8078e9b805429063c2af54d34a4
  category: main
  optional: false
- name: libnghttp2
  version: 1.58.0
  manager: conda
  platform: linux-64
  dependencies:
    c-ares: '>=1.23.0,<2.0a0'
    libev: '>=4.33,<5.0a0'
    libgcc-ng: '>=12'
    libstdcxx-ng: '>=12'
    libzlib: '>=1.2.13,<2.0.0a0'
    openssl: '>=3.2.0,<4.0a0'
  url: https://conda.anaconda.org/conda-forge/linux-64/libnghttp2-1.58.0-h47da74e_1.conda
  hash:
    md5: 700ac6ea6d53d5510591c4344d5c989a
    sha256: 1910c5306c6aa5bcbd623c3c930c440e9c77a5a019008e1487810e3c1d3716cb
  category: main
  optional: false
- name: libnsl
  version: 2.0.1
  manager: conda
  platform: linux-64
  dependencies:
    __glibc: '>=2.17,<3.0.a0'
    libgcc: '>=13'
  url: https://conda.anaconda.org/conda-forge/linux-64/libnsl-2.0.1-hb9d3cd8_1.conda
  hash:
    md5: d864d34357c3b65a4b731f78c0801dc4
    sha256: 927fe72b054277cde6cb82597d0fcf6baf127dcbce2e0a9d8925a68f1265eef5
  category: main
  optional: false
- name: libpng
  version: 1.6.43
  manager: conda
  platform: linux-64
  dependencies:
    libgcc-ng: '>=12'
    libzlib: '>=1.2.13,<2.0.0a0'
  url: https://conda.anaconda.org/conda-forge/linux-64/libpng-1.6.43-h2797004_0.conda
  hash:
    md5: 009981dd9cfcaa4dbfa25ffaed86bcae
    sha256: 502f6ff148ac2777cc55ae4ade01a8fc3543b4ffab25c4e0eaa15f94e90dd997
  category: main
  optional: false
- name: libsqlite
  version: 3.46.0
  manager: conda
  platform: linux-64
  dependencies:
    libgcc-ng: '>=12'
    libzlib: '>=1.2.13,<2.0a0'
  url: https://conda.anaconda.org/conda-forge/linux-64/libsqlite-3.46.0-hde9e2c9_0.conda
  hash:
    md5: 18aa975d2094c34aef978060ae7da7d8
    sha256: daee3f68786231dad457d0dfde3f7f1f9a7f2018adabdbb864226775101341a8
  category: main
  optional: false
- name: libssh2
  version: 1.11.0
  manager: conda
  platform: linux-64
  dependencies:
    libgcc-ng: '>=12'
    libzlib: '>=1.2.13,<2.0.0a0'
    openssl: '>=3.1.1,<4.0a0'
  url: https://conda.anaconda.org/conda-forge/linux-64/libssh2-1.11.0-h0841786_0.conda
  hash:
    md5: 1f5a58e686b13bcfde88b93f547d23fe
    sha256: 50e47fd9c4f7bf841a11647ae7486f65220cfc988ec422a4475fe8d5a823824d
  category: main
  optional: false
- name: libstdcxx
  version: 15.2.0
  manager: conda
  platform: linux-64
  dependencies:
    __glibc: '>=2.17,<3.0.a0'
    libgcc: 15.2.0
  url: https://conda.anaconda.org/conda-forge/linux-64/libstdcxx-15.2.0-h934c35e_18.conda
  hash:
    md5: 1b08cd684f34175e4514474793d44bcb
    sha256: 78668020064fdaa27e9ab65cd2997e2c837b564ab26ce3bf0e58a2ce1a525c6e
  category: main
  optional: false
- name: libstdcxx-ng
  version: 15.2.0
  manager: conda
  platform: linux-64
  dependencies:
    libstdcxx: 15.2.0
  url: https://conda.anaconda.org/conda-forge/linux-64/libstdcxx-ng-15.2.0-hdf11a46_18.conda
  hash:
    md5: 6235adb93d064ecdf3d44faee6f468de
    sha256: 3c902ffd673cb3c6ddde624cdb80f870b6c835f8bf28384b0016e7d444dd0145
  category: main
  optional: false
- name: libtiff
  version: 4.6.0
  manager: conda
  platform: linux-64
  dependencies:
    lerc: '>=4.0.0,<5.0a0'
    libdeflate: '>=1.20,<1.21.0a0'
    libgcc-ng: '>=12'
    libjpeg-turbo: '>=3.0.0,<4.0a0'
    libstdcxx-ng: '>=12'
    libwebp-base: '>=1.3.2,<2.0a0'
    libzlib: '>=1.2.13,<2.0.0a0'
    xz: '>=5.2.6,<6.0a0'
    zstd: '>=1.5.5,<1.6.0a0'
  url: https://conda.anaconda.org/conda-forge/linux-64/libtiff-4.6.0-h1dd3fc0_3.conda
  hash:
    md5: 66f03896ffbe1a110ffda05c7a856504
    sha256: fc3b210f9584a92793c07396cb93e72265ff3f1fa7ca629128bf0a50d5cb15e4
  category: main
  optional: false
- name: libuuid
  version: '2.42'
  manager: conda
  platform: linux-64
  dependencies:
    __glibc: '>=2.17,<3.0.a0'
    libgcc: '>=14'
  url: https://conda.anaconda.org/conda-forge/linux-64/libuuid-2.42-h5347b49_0.conda
  hash:
    md5: 38ffe67b78c9d4de527be8315e5ada2c
    sha256: bc1b08c92626c91500fd9f26f2c797f3eb153b627d53e9c13cd167f1e12b2829
  category: main
  optional: false
- name: libwebp-base
  version: 1.6.0
  manager: conda
  platform: linux-64
  dependencies:
    __glibc: '>=2.17,<3.0.a0'
    libgcc: '>=14'
  url: https://conda.anaconda.org/conda-forge/linux-64/libwebp-base-1.6.0-hd42ef1d_0.conda
  hash:
    md5: aea31d2e5b1091feca96fcfe945c3cf9
    sha256: 3aed21ab28eddffdaf7f804f49be7a7d701e8f0e46c856d801270b470820a37b
  category: main
  optional: false
- name: libxcb
  version: '1.15'
  manager: conda
  platform: linux-64
  dependencies:
    libgcc-ng: '>=12'
    pthread-stubs: ''
    xorg-libxau: ''
    xorg-libxdmcp: ''
  url: https://conda.anaconda.org/conda-forge/linux-64/libxcb-1.15-h0b41bf4_0.conda
  hash:
    md5: 33277193f5b92bad9fdd230eb700929c
    sha256: a670902f0a3173a466c058d2ac22ca1dd0df0453d3a80e0212815c20a16b0485
  category: main
  optional: false
- name: libxcrypt
  version: 4.4.36
  manager: conda
  platform: linux-64
  dependencies:
    libgcc-ng: '>=12'
  url: https://conda.anaconda.org/conda-forge/linux-64/libxcrypt-4.4.36-hd590300_1.conda
  hash:
    md5: 5aa797f8787fe7a17d1b0821485b5adc
    sha256: 6ae68e0b86423ef188196fff6207ed0c8195dd84273cb5623b85aa08033a410c
  category: main
  optional: false
- name: libzlib
  version: 1.2.13
  manager: conda
  platform: linux-64
  dependencies:
    libgcc-ng: '>=12'
  url: https://conda.anaconda.org/conda-forge/linux-64/libzlib-1.2.13-h4ab18f5_6.conda
  hash:
    md5: 27329162c0dc732bcf67a4e0cd488125
    sha256: 8ced4afed6322172182af503f21725d072a589a6eb918f8a58135c1e00d35980
  category: main
  optional: false
- name: ncurses
  version: '6.5'
  manager: conda
  platform: linux-64
  dependencies:
    __glibc: '>=2.17,<3.0.a0'
    libgcc: '>=13'
  url: https://conda.anaconda.org/conda-forge/linux-64/ncurses-6.5-h2d0b736_3.conda
  hash:
    md5: 47e340acb35de30501a76c7c799c41d7
    sha256: 3fde293232fa3fca98635e1167de6b7c7fda83caf24b9d6c91ec9eefb4f4d586
  category: main
  optional: false
- name: openjdk
  version: 17.0.11
  manager: conda
  platform: linux-64
  dependencies:
    alsa-lib: '>=1.2.11,<1.3.0a0'
    fontconfig: '>=2.14.2,<3.0a0'
    fonts-conda-ecosystem: ''
    freetype: '>=2.12.1,<3.0a0'
    giflib: '>=5.2.2,<5.3.0a0'
    harfbuzz: '>=8.3.0'
    lcms2: '>=2.16,<3.0a0'
    libcups: '>=2.3.3,<2.4.0a0'
    libgcc-ng: '>=12'
    libjpeg-turbo: '>=3.0.0,<4.0a0'
    libpng: '>=1.6.43,<1.7.0a0'
    libstdcxx-ng: '>=12'
    libzlib: '>=1.2.13,<2.0.0a0'
    xorg-libx11: '>=1.8.9,<2.0a0'
    xorg-libxext: '>=1.3.4,<2.0a0'
    xorg-libxi: ''
    xorg-libxrender: '>=0.9.11,<0.10.0a0'
    xorg-libxt: '>=1.3.0,<2.0a0'
    xorg-libxtst: ''
  url: https://conda.anaconda.org/conda-forge/linux-64/openjdk-17.0.11-h24d6bf4_0.conda
  hash:
    md5: 9cb24876b7bdeb8615ba539406a97282
    sha256: 9fb975ee69b804ccfe246f530603a67b68a66f8ff95c3815d6f0e039a13b5a67
  category: main
  optional: false
- name: openssl
  version: 3.6.1
  manager: conda
  platform: linux-64
  dependencies:
    __glibc: '>=2.17,<3.0.a0'
    ca-certificates: ''
    libgcc: '>=14'
  url: https://conda.anaconda.org/conda-forge/linux-64/openssl-3.6.1-h35e630c_1.conda
  hash:
    md5: f61eb8cd60ff9057122a3d338b99c00f
    sha256: 44c877f8af015332a5d12f5ff0fb20ca32f896526a7d0cdb30c769df1144fb5c
  category: main
  optional: false
- name: pbzip2
  version: 1.1.13
  manager: conda
  platform: linux-64
  dependencies:
    bzip2: '>=1.0.8,<2.0a0'
    libgcc-ng: '>=12'
    libstdcxx-ng: '>=12'
  url: https://conda.anaconda.org/conda-forge/linux-64/pbzip2-1.1.13-h1fcc475_2.conda
  hash:
    md5: e1bf3c0868789f3ddf5d1aeb47bc60a6
    sha256: ac60def440634fc822c9279ce205527ed8d08d6776f5320c56ba78ec0919401e
  category: main
  optional: false
- name: pcre2
  version: '10.43'
  manager: conda
  platform: linux-64
  dependencies:
    bzip2: '>=1.0.8,<2.0a0'
    libgcc-ng: '>=12'
    libzlib: '>=1.2.13,<2.0.0a0'
  url: https://conda.anaconda.org/conda-forge/linux-64/pcre2-10.43-hcad00b1_0.conda
  hash:
    md5: 8292dea9e022d9610a11fce5e0896ed8
    sha256: 766dd986a7ed6197676c14699000bba2625fd26c8a890fcb7a810e5cf56155bc
  category: main
  optional: false
- name: perl
  version: 5.32.1
  manager: conda
  platform: linux-64
  dependencies:
    libgcc-ng: '>=12'
    libxcrypt: '>=4.4.36'
  url: https://conda.anaconda.org/conda-forge/linux-64/perl-5.32.1-7_hd590300_perl5.conda
  hash:
    md5: f2cfec9406850991f4e3d960cc9e3321
    sha256: 9ec32b6936b0e37bcb0ed34f22ec3116e75b3c0964f9f50ecea5f58734ed6ce9
  category: main
  optional: false
- name: pigz
  version: '2.8'
  manager: conda
  platform: linux-64
  dependencies:
    libgcc-ng: '>=12'
    libzlib: '>=1.2.13,<2.0.0a0'
  url: https://conda.anaconda.org/conda-forge/linux-64/pigz-2.8-h2797004_0.conda
  hash:
    md5: 1832561770273ca7cf52b989dd83e6c3
    sha256: a21c2cc838c5fb97757f639cd6db77cc1e1ed572ae3c49109cd1e1481f1f0c63
  category: main
  optional: false
- name: pixman
  version: 0.46.4
  manager: conda
  platform: linux-64
  dependencies:
    __glibc: '>=2.17,<3.0.a0'
    libgcc: '>=14'
    libstdcxx: '>=14'
  url: https://conda.anaconda.org/conda-forge/linux-64/pixman-0.46.4-h54a6638_1.conda
  hash:
    md5: c01af13bdc553d1a8fbfff6e8db075f0
    sha256: 43d37bc9ca3b257c5dd7bf76a8426addbdec381f6786ff441dc90b1a49143b6a
  category: main
  optional: false
- name: pthread-stubs
  version: '0.4'
  manager: conda
  platform: linux-64
  dependencies:
    __glibc: '>=2.17,<3.0.a0'
    libgcc: '>=13'
  url: https://conda.anaconda.org/conda-forge/linux-64/pthread-stubs-0.4-hb9d3cd8_1002.conda
  hash:
    md5: b3c17d95b5a10c6e64a21fa17573e70e
    sha256: 9c88f8c64590e9567c6c80823f0328e58d3b1efb0e1c539c0315ceca764e0973
  category: main
  optional: false
- name: pycparser
  version: '2.22'
  manager: conda
  platform: linux-64
  dependencies:
    python: ''
  url: https://conda.anaconda.org/conda-forge/noarch/pycparser-2.22-pyh29332c3_1.conda
  hash:
    md5: 12c566707c80111f9799308d9e265aef
    sha256: 79db7928d13fab2d892592223d7570f5061c192f27b9febd1a418427b719acc6
  category: main
  optional: false
- name: python
  version: 3.10.14
  manager: conda
  platform: linux-64
  dependencies:
    bzip2: '>=1.0.8,<2.0a0'
    ld_impl_linux-64: '>=2.36.1'
    libffi: '>=3.4,<4.0a0'
    libgcc-ng: '>=12'
    libnsl: '>=2.0.1,<2.1.0a0'
    libsqlite: '>=3.45.2,<4.0a0'
    libuuid: '>=2.38.1,<3.0a0'
    libxcrypt: '>=4.4.36'
    libzlib: '>=1.2.13,<2.0.0a0'
    ncurses: '>=6.4.20240210,<7.0a0'
    openssl: '>=3.2.1,<4.0a0'
    readline: '>=8.2,<9.0a0'
    tk: '>=8.6.13,<8.7.0a0'
    tzdata: ''
    xz: '>=5.2.6,<6.0a0'
  url: https://conda.anaconda.org/conda-forge/linux-64/python-3.10.14-hd12c33a_0_cpython.conda
  hash:
    md5: 2b4ba962994e8bd4be9ff5b64b75aff2
    sha256: 76a5d12e73542678b70a94570f7b0f7763f9a938f77f0e75d9ea615ef22aa84c
  category: main
  optional: false
- name: python-isal
  version: 1.8.0
  manager: conda
  platform: linux-64
  dependencies:
    __glibc: '>=2.17,<3.0.a0'
    isa-l: '>=2.31.1,<3.0a0'
    libgcc: '>=14'
    python: '>=3.10,<3.11.0a0'
    python_abi: 3.10.*
  url: https://conda.anaconda.org/conda-forge/linux-64/python-isal-1.8.0-py310h7c4b9e2_1.conda
  hash:
    md5: 527f84481eb0912fd4ad2a042a0c567c
    sha256: b0efdc90e89d1c5fd033b1826585adcc6dd8c6b50000ac96b5f28d67d381e842
  category: main
  optional: false
- name: python-zlib-ng
  version: 1.0.0
  manager: conda
  platform: linux-64
  dependencies:
    __glibc: '>=2.17,<3.0.a0'
    libgcc: '>=14'
    python: '>=3.10,<3.11.0a0'
    python_abi: 3.10.*
    zlib-ng: '>=2.3.1,<2.4.0a0'
  url: https://conda.anaconda.org/conda-forge/linux-64/python-zlib-ng-1.0.0-py310ha25ff1b_1.conda
  hash:
    md5: f6085978beb205dfb9c1474555127b22
    sha256: 6a535ba51861a3f37e6e02961a7e0c00b82edd1cd9cbe90e1f3020738ca81311
  category: main
  optional: false
- name: python_abi
  version: '3.10'
  manager: conda
  platform: linux-64
  dependencies: {}
  url: https://conda.anaconda.org/conda-forge/noarch/python_abi-3.10-8_cp310.conda
  hash:
    md5: 05e00f3b21e88bb3d658ac700b2ce58c
    sha256: 7ad76fa396e4bde336872350124c0819032a9e8a0a40590744ff9527b54351c1
  category: main
  optional: false
- name: readline
  version: '8.3'
  manager: conda
  platform: linux-64
  dependencies:
    __glibc: '>=2.17,<3.0.a0'
    libgcc: '>=14'
    ncurses: '>=6.5,<7.0a0'
  url: https://conda.anaconda.org/conda-forge/linux-64/readline-8.3-h853b02a_0.conda
  hash:
    md5: d7d95fc8287ea7bf33e0e7116d2b95ec
    sha256: 12ffde5a6f958e285aa22c191ca01bbd3d6e710aa852e00618fa6ddc59149002
  category: main
  optional: false
- name: samtools
  version: '1.17'
  manager: conda
  platform: linux-64
  dependencies:
    htslib: '>=1.17,<1.24.0a0'
    libgcc-ng: '>=12'
    libzlib: '>=1.2.13,<1.3.0a0'
    ncurses: '>=6.4,<7.0a0'
    zlib: ''
  url: https://conda.anaconda.org/bioconda/linux-64/samtools-1.17-hd87286a_2.tar.bz2
  hash:
    md5: 7023989c21e5be8f32b1e4d43136dc36
    sha256: d74c1f71fb77a134019d144b4e7acf73226c529c6db277f58655e1ffb927b7e8
  category: main
  optional: false
- name: tk
  version: 8.6.13
  manager: conda
  platform: linux-64
  dependencies:
    libgcc-ng: '>=12'
    libzlib: '>=1.2.13,<2.0.0a0'
  url: https://conda.anaconda.org/conda-forge/linux-64/tk-8.6.13-noxft_h4845f30_101.conda
  hash:
    md5: d453b98d9c83e71da0741bb0ff4d76bc
    sha256: e0569c9caa68bf476bead1bed3d79650bb080b532c64a4af7d8ca286c08dea4e
  category: main
  optional: false
- name: trim-galore
  version: 0.6.10
  manager: conda
  platform: linux-64
  dependencies:
    cutadapt: ''
    fastqc: ''
    perl: ''
  url: https://conda.anaconda.org/bioconda/noarch/trim-galore-0.6.10-hdfd78af_1.tar.bz2
  hash:
    md5: 67b36a326f55cd5b3f0816c33ee77fcb
    sha256: ac4a748f39652e459343fcef1aa64bc0d0df54047fbbfcd73f6c89771d1f16c3
  category: main
  optional: false
- name: tzdata
  version: 2025c
  manager: conda
  platform: linux-64
  dependencies: {}
  url: https://conda.anaconda.org/conda-forge/noarch/tzdata-2025c-hc9c84f9_1.conda
  hash:
    md5: ad659d0a2b3e47e38d829aa8cad2d610
    sha256: 1d30098909076af33a35017eed6f2953af1c769e273a0626a04722ac4acaba3c
  category: main
  optional: false
- name: xopen
  version: 2.0.2
  manager: conda
  platform: linux-64
  dependencies:
    __unix: ''
    pbzip2: ''
    pigz: ''
    python: '>=3.9'
    python-isal: '>=1.6.1'
    python-zlib-ng: '>=0.4.1'
    zstandard: ''
    zstd: ''
  url: https://conda.anaconda.org/conda-forge/noarch/xopen-2.0.2-pyh707e725_2.conda
  hash:
    md5: afacb06c53d3e8dfb8462023436a25bb
    sha256: c0c5ad20d3f69eeb054c740e204bd3ff5eb56670e7ea2434652aa96bd5562aec
  category: main
  optional: false
- name: xorg-fixesproto
  version: '5.0'
  manager: conda
  platform: linux-64
  dependencies:
    __glibc: '>=2.17,<3.0.a0'
    libgcc: '>=13'
    xorg-xextproto: '>=7.3.0,<8.0a0'
  url: https://conda.anaconda.org/conda-forge/linux-64/xorg-fixesproto-5.0-hb9d3cd8_1003.conda
  hash:
    md5: 19fe37721037acc0a1ed76b8cf937359
    sha256: 07268980b659a84a4bac64b475329348e9cf5fa4aee255fa94aa0407ae5b804c
  category: main
  optional: false
- name: xorg-inputproto
  version: 2.3.2
  manager: conda
  platform: linux-64
  dependencies:
    __glibc: '>=2.17,<3.0.a0'
    libgcc: '>=13'
  url: https://conda.anaconda.org/conda-forge/linux-64/xorg-inputproto-2.3.2-hb9d3cd8_1003.conda
  hash:
    md5: 32623b33f2047dbc9ae2f2e8fd3880e9
    sha256: 77eea289f9d3fa753a290f988533c842694b826fe1900abd6d7b142c528512ba
  category: main
  optional: false
- name: xorg-kbproto
  version: 1.0.7
  manager: conda
  platform: linux-64
  dependencies:
    __glibc: '>=2.17,<3.0.a0'
    libgcc: '>=13'
  url: https://conda.anaconda.org/conda-forge/linux-64/xorg-kbproto-1.0.7-hb9d3cd8_1003.conda
  hash:
    md5: e87bfacb110d85e1eb6099c9ed8e7236
    sha256: 849555ddf7fee334a5a6be9f159d2931c9d076ffb310a9e75b9124f789049d3e
  category: main
  optional: false
- name: xorg-libice
  version: 1.1.2
  manager: conda
  platform: linux-64
  dependencies:
    __glibc: '>=2.17,<3.0.a0'
    libgcc: '>=13'
  url: https://conda.anaconda.org/conda-forge/linux-64/xorg-libice-1.1.2-hb9d3cd8_0.conda
  hash:
    md5: fb901ff28063514abb6046c9ec2c4a45
    sha256: c12396aabb21244c212e488bbdc4abcdef0b7404b15761d9329f5a4a39113c4b
  category: main
  optional: false
- name: xorg-libsm
  version: 1.2.6
  manager: conda
  platform: linux-64
  dependencies:
    __glibc: '>=2.17,<3.0.a0'
    libgcc: '>=13'
    libuuid: '>=2.38.1,<3.0a0'
    xorg-libice: '>=1.1.2,<2.0a0'
  url: https://conda.anaconda.org/conda-forge/linux-64/xorg-libsm-1.2.6-he73a12e_0.conda
  hash:
    md5: 1c74ff8c35dcadf952a16f752ca5aa49
    sha256: 277841c43a39f738927145930ff963c5ce4c4dacf66637a3d95d802a64173250
  category: main
  optional: false
- name: xorg-libx11
  version: 1.8.9
  manager: conda
  platform: linux-64
  dependencies:
    libgcc-ng: '>=12'
    libxcb: '>=1.15,<1.16.0a0'
    xorg-kbproto: ''
    xorg-xextproto: '>=7.3.0,<8.0a0'
    xorg-xproto: ''
  url: https://conda.anaconda.org/conda-forge/linux-64/xorg-libx11-1.8.9-h8ee46fc_0.conda
  hash:
    md5: 077b6e8ad6a3ddb741fce2496dd01bec
    sha256: 3e53ba247f1ad68353f18aceba5bf8ce87e3dea930de85d36946844a7658c9fb
  category: main
  optional: false
- name: xorg-libxau
  version: 1.0.12
  manager: conda
  platform: linux-64
  dependencies:
    __glibc: '>=2.17,<3.0.a0'
    libgcc: '>=14'
  url: https://conda.anaconda.org/conda-forge/linux-64/xorg-libxau-1.0.12-hb03c661_1.conda
  hash:
    md5: b2895afaf55bf96a8c8282a2e47a5de0
    sha256: 6bc6ab7a90a5d8ac94c7e300cc10beb0500eeba4b99822768ca2f2ef356f731b
  category: main
  optional: false
- name: xorg-libxdmcp
  version: 1.1.5
  manager: conda
  platform: linux-64
  dependencies:
    __glibc: '>=2.17,<3.0.a0'
    libgcc: '>=14'
  url: https://conda.anaconda.org/conda-forge/linux-64/xorg-libxdmcp-1.1.5-hb03c661_1.conda
  hash:
    md5: 1dafce8548e38671bea82e3f5c6ce22f
    sha256: 25d255fb2eef929d21ff660a0c687d38a6d2ccfbcbf0cc6aa738b12af6e9d142
  category: main
  optional: false
- name: xorg-libxext
  version: 1.3.4
  manager: conda
  platform: linux-64
  dependencies:
    libgcc-ng: '>=12'
    xorg-libx11: '>=1.7.2,<2.0a0'
    xorg-xextproto: ''
  url: https://conda.anaconda.org/conda-forge/linux-64/xorg-libxext-1.3.4-h0b41bf4_2.conda
  hash:
    md5: 82b6df12252e6f32402b96dacc656fec
    sha256: 73e5cfbdff41ef8a844441f884412aa5a585a0f0632ec901da035a03e1fe1249
  category: main
  optional: false
- name: xorg-libxfixes
  version: 5.0.3
  manager: conda
  platform: linux-64
  dependencies:
    libgcc-ng: '>=9.3.0'
    xorg-fixesproto: ''
    xorg-libx11: '>=1.7.0,<2.0a0'
  url: https://conda.anaconda.org/conda-forge/linux-64/xorg-libxfixes-5.0.3-h7f98852_1004.tar.bz2
  hash:
    md5: e9a21aa4d5e3e5f1aed71e8cefd46b6a
    sha256: 1e426a1abb774ef1dcf741945ed5c42ad12ea2dc7aeed7682d293879c3e1e4c3
  category: main
  optional: false
- name: xorg-libxi
  version: 1.7.10
  manager: conda
  platform: linux-64
  dependencies:
    __glibc: '>=2.17,<3.0.a0'
    libgcc-ng: '>=12'
    xorg-inputproto: ''
    xorg-libx11: '>=1.8.9,<2.0a0'
    xorg-libxext: '>=1.3.4,<2.0a0'
    xorg-libxfixes: 5.0.*
    xorg-xextproto: '>=7.3.0,<8.0a0'
  url: https://conda.anaconda.org/conda-forge/linux-64/xorg-libxi-1.7.10-h4bc722e_1.conda
  hash:
    md5: 749baebe7e2ff3360630e069175e528b
    sha256: e1416eb435e3d903bc658e3c637f0e87efd2dca290fe70daf29738b3a3d1f8ff
  category: main
  optional: false
- name: xorg-libxrender
  version: 0.9.11
  manager: conda
  platform: linux-64
  dependencies:
    libgcc-ng: '>=12'
    xorg-libx11: '>=1.8.6,<2.0a0'
    xorg-renderproto: ''
  url: https://conda.anaconda.org/conda-forge/linux-64/xorg-libxrender-0.9.11-hd590300_0.conda
  hash:
    md5: ed67c36f215b310412b2af935bf3e530
    sha256: 26da4d1911473c965c32ce2b4ff7572349719eaacb88a066db8d968a4132c3f7
  category: main
  optional: false
- name: xorg-libxt
  version: 1.3.0
  manager: conda
  platform: linux-64
  dependencies:
    libgcc-ng: '>=12'
    xorg-kbproto: ''
    xorg-libice: '>=1.1.1,<2.0a0'
    xorg-libsm: '>=1.2.4,<2.0a0'
    xorg-libx11: '>=1.8.6,<2.0a0'
    xorg-xproto: ''
  url: https://conda.anaconda.org/conda-forge/linux-64/xorg-libxt-1.3.0-hd590300_1.conda
  hash:
    md5: ae92aab42726eb29d16488924f7312cb
    sha256: e7648d1efe2e858c4bc63ccf4a637c841dc971b37ded85a01be97a5e240fecfa
  category: main
  optional: false
- name: xorg-libxtst
  version: 1.2.5
  manager: conda
  platform: linux-64
  dependencies:
    __glibc: '>=2.17,<3.0.a0'
    libgcc-ng: '>=12'
    xorg-inputproto: ''
    xorg-libx11: '>=1.8.9,<2.0a0'
    xorg-libxext: '>=1.3.4,<2.0a0'
    xorg-libxi: '>=1.7.10,<2.0a0'
    xorg-recordproto: ''
  url: https://conda.anaconda.org/conda-forge/linux-64/xorg-libxtst-1.2.5-h4bc722e_0.conda
  hash:
    md5: 185159d666308204eca00295599b0a5c
    sha256: 0139b52c3cbce57bfd1d120c41637bc239430faff4aa0445f58de0adf4c4b976
  category: main
  optional: false
- name: xorg-recordproto
  version: 1.14.2
  manager: conda
  platform: linux-64
  dependencies:
    __glibc: '>=2.17,<3.0.a0'
    libgcc: '>=13'
  url: https://conda.anaconda.org/conda-forge/linux-64/xorg-recordproto-1.14.2-hb9d3cd8_1003.conda
  hash:
    md5: 1d600d113f3e22a7eddd7e7d574be3fa
    sha256: fa721a0a041453612f9dc03059905cf7426669ab8795e1b46d1b0f61c332b1ea
  category: main
  optional: false
- name: xorg-renderproto
  version: 0.11.1
  manager: conda
  platform: linux-64
  dependencies:
    __glibc: '>=2.17,<3.0.a0'
    libgcc: '>=13'
  url: https://conda.anaconda.org/conda-forge/linux-64/xorg-renderproto-0.11.1-hb9d3cd8_1003.conda
  hash:
    md5: bf90782559bce8447609933a7d45995a
    sha256: 54dd934b0e1c942e54759eb13672fd59b7e523fabea6e69a32d5bf483e45b329
  category: main
  optional: false
- name: xorg-xextproto
  version: 7.3.0
  manager: conda
  platform: linux-64
  dependencies:
    __glibc: '>=2.17,<3.0.a0'
    libgcc: '>=13'
  url: https://conda.anaconda.org/conda-forge/linux-64/xorg-xextproto-7.3.0-hb9d3cd8_1004.conda
  hash:
    md5: bc4cd53a083b6720d61a1519a1900878
    sha256: f302a3f6284ee9ad3b39e45251d7ed15167896564dc33e006077a896fd3458a6
  category: main
  optional: false
- name: xorg-xproto
  version: 7.0.31
  manager: conda
  platform: linux-64
  dependencies:
    __glibc: '>=2.17,<3.0.a0'
    libgcc: '>=13'
  url: https://conda.anaconda.org/conda-forge/linux-64/xorg-xproto-7.0.31-hb9d3cd8_1008.conda
  hash:
    md5: a63f5b66876bb1ec734ab4bdc4d11e86
    sha256: ea02425c898d6694167952794e9a865e02e14e9c844efb067374f90b9ce8ce33
  category: main
  optional: false
- name: xz
  version: 5.8.2
  manager: conda
  platform: linux-64
  dependencies:
    __glibc: '>=2.17,<3.0.a0'
    libgcc: '>=14'
    liblzma: 5.8.2
    liblzma-devel: 5.8.2
    xz-gpl-tools: 5.8.2
    xz-tools: 5.8.2
  url: https://conda.anaconda.org/conda-forge/linux-64/xz-5.8.2-ha02ee65_0.conda
  hash:
    md5: d34b831f6d6a9b014eb7cf65f6329bba
    sha256: 6d60b1870bdbbaf098bbc7d69e4f4eccb8a6b5e856c2d0aca3c62c0db97e0863
  category: main
  optional: false
- name: xz-gpl-tools
  version: 5.8.2
  manager: conda
  platform: linux-64
  dependencies:
    __glibc: '>=2.17,<3.0.a0'
    libgcc: '>=14'
    liblzma: 5.8.2
  url: https://conda.anaconda.org/conda-forge/linux-64/xz-gpl-tools-5.8.2-ha02ee65_0.conda
  hash:
    md5: a159fe1e8200dd67fa88ddea9169d25a
    sha256: a4876e9fb124665315aedfe96b1a832e2c26312241061d5f990208aaf380da46
  category: main
  optional: false
- name: xz-tools
  version: 5.8.2
  manager: conda
  platform: linux-64
  dependencies:
    __glibc: '>=2.17,<3.0.a0'
    libgcc: '>=14'
    liblzma: 5.8.2
  url: https://conda.anaconda.org/conda-forge/linux-64/xz-tools-5.8.2-hb03c661_0.conda
  hash:
    md5: dfd6129671f782988d665354e7aa269d
    sha256: 65c8a236b89a4ad24565a986b7c00b8cb2906af52fd9963730c44ea56a9fde9a
  category: main
  optional: false
- name: zlib
  version: 1.2.13
  manager: conda
  platform: linux-64
  dependencies:
    libgcc-ng: '>=12'
    libzlib: 1.2.13
  url: https://conda.anaconda.org/conda-forge/linux-64/zlib-1.2.13-h4ab18f5_6.conda
  hash:
    md5: 559d338a4234c2ad6e676f460a093e67
    sha256: 534824ea44939f3e59ca8ebb95e3ece6f50f9d2a0e69999fbc692311252ed6ac
  category: main
  optional: false
- name: zlib-ng
  version: 2.3.3
  manager: conda
  platform: linux-64
  dependencies:
    __glibc: '>=2.17,<3.0.a0'
    libgcc: '>=14'
    libstdcxx: '>=14'
  url: https://conda.anaconda.org/conda-forge/linux-64/zlib-ng-2.3.3-hceb46e0_1.conda
  hash:
    md5: 2aadb0d17215603a82a2a6b0afd9a4cb
    sha256: ea4e50c465d70236408cb0bfe0115609fd14db1adcd8bd30d8918e0291f8a75f
  category: main
  optional: false
- name: zstandard
  version: 0.23.0
  manager: conda
  platform: linux-64
  dependencies:
    __glibc: '>=2.17,<3.0.a0'
    cffi: '>=1.11'
    libgcc: '>=14'
    python: '>=3.10,<3.11.0a0'
    python_abi: 3.10.*
  url: https://conda.anaconda.org/conda-forge/linux-64/zstandard-0.23.0-py310h7c4b9e2_3.conda
  hash:
    md5: 64c494618303717a9a08e3238bcb8d68
    sha256: 0653ad7d53d8c7b85ef2dd38c01c78b6c9185cd688be06cd6315e76530310635
  category: main
  optional: false
- name: zstd
  version: 1.5.6
  manager: conda
  platform: linux-64
  dependencies:
    libgcc-ng: '>=12'
    libstdcxx-ng: '>=12'
    libzlib: '>=1.2.13,<2.0.0a0'
  url: https://conda.anaconda.org/conda-forge/linux-64/zstd-1.5.6-ha6fb4c9_0.conda
  hash:
    md5: 4d056880988120e29d75bfff282e0f45
    sha256: c558b9cc01d9c1444031bd1ce4b9cff86f9085765f17627a6cd85fc623c8a02b
  category: main
  optional: false
